
Microsoft Visual Studio Solution File, Format Version 12.00
# Visual Studio 14
VisualStudioVersion = 14.0.25420.1
MinimumVisualStudioVersion = 10.0.40219.1
Project("{FAE04EC0-301F-11D3-BF4B-00C04F79EFBC}") = "ReferenceTask.Host", "ReferenceTask\ReferenceTask.Host.csproj", "{B5F69C5C-C13E-4D5B-BC02-2374933FD08B}"
EndProject
Project("{FAE04EC0-301F-11D3-BF4B-00C04F79EFBC}") = "ReferenceTask.Host.Test", "ReferenceTaskTest\ReferenceTask.Host.Test.csproj", "{C33A84DA-C93D-4480-A307-F108AB345BA8}"
EndProject
Project("{FAE04EC0-301F-11D3-BF4B-00C04F79EFBC}") = "ReferenceTask.Domain", "ReferenceTask.Domain\ReferenceTask.Domain.csproj", "{07B6566D-C8C4-4777-937E-E1DCB9CEF5D2}"
EndProject
Project("{FAE04EC0-301F-11D3-BF4B-00C04F79EFBC}") = "ReferenceTask.Domain.Test", "ReferenceTask.Domain.Test\ReferenceTask.Domain.Test.csproj", "{DBB73D92-9E3E-4641-A49C-4106D9820904}"
EndProject
Project("{FAE04EC0-301F-11D3-BF4B-00C04F79EFBC}") = "ReferenceTask.ApplicationService", "ReferenceTask.ApplicationService\ReferenceTask.ApplicationService.csproj", "{4B14FC65-7D13-4E63-BAE9-4A8AED2DDE9A}"
EndProject
Project("{FAE04EC0-301F-11D3-BF4B-00C04F79EFBC}") = "ReferenceTask.Persistence", "ReferenceTask.Persistence\ReferenceTask.Persistence.csproj", "{143A7F7A-D234-49B7-9D39-528C2446DF52}"
EndProject
Project("{FAE04EC0-301F-11D3-BF4B-00C04F79EFBC}") = "ReferenceTask.Persistence.Test", "ReferenceTask.Persistence.Test\ReferenceTask.Persistence.Test.csproj", "{2FD619E5-64DE-4577-8879-3E14398E8006}"
EndProject
Project("{FAE04EC0-301F-11D3-BF4B-00C04F79EFBC}") = "ReferenceTask.Mappers", "ReferenceTask.Mappers\ReferenceTask.Mappers.csproj", "{3CB38BEA-4841-4B5D-8174-D1FF50E42139}"
EndProject
Project("{FAE04EC0-301F-11D3-BF4B-00C04F79EFBC}") = "TestSupport", "TestSupport\TestSupport.csproj", "{A17B043B-4E51-40A8-9D76-1F63CF0B085B}"
EndProject
Project("{2150E333-8FDC-42A3-9474-1A3956D46DE8}") = "Implementation", "Implementation", "{6EC8359E-B8A7-4C06-8827-3C5283D179D7}"
EndProject
Project("{2150E333-8FDC-42A3-9474-1A3956D46DE8}") = "Tests", "Tests", "{3CF890EB-FCC6-4814-AB81-FDC3DAFD2E15}"
EndProject
Global
	GlobalSection(SolutionConfigurationPlatforms) = preSolution
		Debug|Any CPU = Debug|Any CPU
		Release|Any CPU = Release|Any CPU
	EndGlobalSection
	GlobalSection(ProjectConfigurationPlatforms) = postSolution
		{B5F69C5C-C13E-4D5B-BC02-2374933FD08B}.Debug|Any CPU.ActiveCfg = Debug|Any CPU
		{B5F69C5C-C13E-4D5B-BC02-2374933FD08B}.Debug|Any CPU.Build.0 = Debug|Any CPU
		{B5F69C5C-C13E-4D5B-BC02-2374933FD08B}.Release|Any CPU.ActiveCfg = Release|Any CPU
		{B5F69C5C-C13E-4D5B-BC02-2374933FD08B}.Release|Any CPU.Build.0 = Release|Any CPU
		{C33A84DA-C93D-4480-A307-F108AB345BA8}.Debug|Any CPU.ActiveCfg = Debug|Any CPU
		{C33A84DA-C93D-4480-A307-F108AB345BA8}.Debug|Any CPU.Build.0 = Debug|Any CPU
		{C33A84DA-C93D-4480-A307-F108AB345BA8}.Release|Any CPU.ActiveCfg = Release|Any CPU
		{C33A84DA-C93D-4480-A307-F108AB345BA8}.Release|Any CPU.Build.0 = Release|Any CPU
		{07B6566D-C8C4-4777-937E-E1DCB9CEF5D2}.Debug|Any CPU.ActiveCfg = Debug|Any CPU
		{07B6566D-C8C4-4777-937E-E1DCB9CEF5D2}.Debug|Any CPU.Build.0 = Debug|Any CPU
		{07B6566D-C8C4-4777-937E-E1DCB9CEF5D2}.Release|Any CPU.ActiveCfg = Release|Any CPU
		{07B6566D-C8C4-4777-937E-E1DCB9CEF5D2}.Release|Any CPU.Build.0 = Release|Any CPU
		{DBB73D92-9E3E-4641-A49C-4106D9820904}.Debug|Any CPU.ActiveCfg = Debug|Any CPU
		{DBB73D92-9E3E-4641-A49C-4106D9820904}.Debug|Any CPU.Build.0 = Debug|Any CPU
		{DBB73D92-9E3E-4641-A49C-4106D9820904}.Release|Any CPU.ActiveCfg = Release|Any CPU
		{DBB73D92-9E3E-4641-A49C-4106D9820904}.Release|Any CPU.Build.0 = Release|Any CPU
		{4B14FC65-7D13-4E63-BAE9-4A8AED2DDE9A}.Debug|Any CPU.ActiveCfg = Debug|Any CPU
		{4B14FC65-7D13-4E63-BAE9-4A8AED2DDE9A}.Debug|Any CPU.Build.0 = Debug|Any CPU
		{4B14FC65-7D13-4E63-BAE9-4A8AED2DDE9A}.Release|Any CPU.ActiveCfg = Release|Any CPU
		{4B14FC65-7D13-4E63-BAE9-4A8AED2DDE9A}.Release|Any CPU.Build.0 = Release|Any CPU
		{143A7F7A-D234-49B7-9D39-528C2446DF52}.Debug|Any CPU.ActiveCfg = Debug|Any CPU
		{143A7F7A-D234-49B7-9D39-528C2446DF52}.Debug|Any CPU.Build.0 = Debug|Any CPU
		{143A7F7A-D234-49B7-9D39-528C2446DF52}.Release|Any CPU.ActiveCfg = Release|Any CPU
		{143A7F7A-D234-49B7-9D39-528C2446DF52}.Release|Any CPU.Build.0 = Release|Any CPU
		{2FD619E5-64DE-4577-8879-3E14398E8006}.Debug|Any CPU.ActiveCfg = Debug|Any CPU
		{2FD619E5-64DE-4577-8879-3E14398E8006}.Debug|Any CPU.Build.0 = Debug|Any CPU
		{2FD619E5-64DE-4577-8879-3E14398E8006}.Release|Any CPU.ActiveCfg = Release|Any CPU
		{2FD619E5-64DE-4577-8879-3E14398E8006}.Release|Any CPU.Build.0 = Release|Any CPU
		{3CB38BEA-4841-4B5D-8174-D1FF50E42139}.Debug|Any CPU.ActiveCfg = Debug|Any CPU
		{3CB38BEA-4841-4B5D-8174-D1FF50E42139}.Debug|Any CPU.Build.0 = Debug|Any CPU
		{3CB38BEA-4841-4B5D-8174-D1FF50E42139}.Release|Any CPU.ActiveCfg = Release|Any CPU
		{3CB38BEA-4841-4B5D-8174-D1FF50E42139}.Release|Any CPU.Build.0 = Release|Any CPU
		{A17B043B-4E51-40A8-9D76-1F63CF0B085B}.Debug|Any CPU.ActiveCfg = Debug|Any CPU
		{A17B043B-4E51-40A8-9D76-1F63CF0B085B}.Debug|Any CPU.Build.0 = Debug|Any CPU
		{A17B043B-4E51-40A8-9D76-1F63CF0B085B}.Release|Any CPU.ActiveCfg = Release|Any CPU
		{A17B043B-4E51-40A8-9D76-1F63CF0B085B}.Release|Any CPU.Build.0 = Release|Any CPU
	EndGlobalSection
	GlobalSection(SolutionProperties) = preSolution
		HideSolutionNode = FALSE
	EndGlobalSection
	GlobalSection(NestedProjects) = preSolution
		{B5F69C5C-C13E-4D5B-BC02-2374933FD08B} = {6EC8359E-B8A7-4C06-8827-3C5283D179D7}
		{C33A84DA-C93D-4480-A307-F108AB345BA8} = {3CF890EB-FCC6-4814-AB81-FDC3DAFD2E15}
		{07B6566D-C8C4-4777-937E-E1DCB9CEF5D2} = {6EC8359E-B8A7-4C06-8827-3C5283D179D7}
		{DBB73D92-9E3E-4641-A49C-4106D9820904} = {3CF890EB-FCC6-4814-AB81-FDC3DAFD2E15}
		{4B14FC65-7D13-4E63-BAE9-4A8AED2DDE9A} = {6EC8359E-B8A7-4C06-8827-3C5283D179D7}
		{143A7F7A-D234-49B7-9D39-528C2446DF52} = {6EC8359E-B8A7-4C06-8827-3C5283D179D7}
		{2FD619E5-64DE-4577-8879-3E14398E8006} = {3CF890EB-FCC6-4814-AB81-FDC3DAFD2E15}
		{3CB38BEA-4841-4B5D-8174-D1FF50E42139} = {6EC8359E-B8A7-4C06-8827-3C5283D179D7}
		{A17B043B-4E51-40A8-9D76-1F63CF0B085B} = {3CF890EB-FCC6-4814-AB81-FDC3DAFD2E15}
	EndGlobalSection
EndGlobal
